
Microsoft Visual Studio Solution File, Format Version 12.00
# Visual Studio 15
VisualStudioVersion = 15.0.28307.271
MinimumVisualStudioVersion = 10.0.40219.1
Project("{FAE04EC0-301F-11D3-BF4B-00C04F79EFBC}") = "HelloWorld", "HelloWorld\HelloWorld.csproj", "{DF760434-C94E-4A75-AA6D-A3102B76DEB5}"
EndProject
Global
	GlobalSection(SolutionConfigurationPlatforms) = preSolution
		Debug|Any CPU = Debug|Any CPU
		Release|Any CPU = Release|Any CPU
	EndGlobalSection
	GlobalSection(ProjectConfigurationPlatforms) = postSolution
		{DF760434-C94E-4A75-AA6D-A3102B76DEB5}.Debug|Any CPU.ActiveCfg = Debug|Any CPU
		{DF760434-C94E-4A75-AA6D-A3102B76DEB5}.Debug|Any CPU.Build.0 = Debug|Any CPU
		{DF760434-C94E-4A75-AA6D-A3102B76DEB5}.Release|Any CPU.ActiveCfg = Release|Any CPU
		{DF760434-C94E-4A75-AA6D-A3102B76DEB5}.Release|Any CPU.Build.0 = Release|Any CPU
	EndGlobalSection
	GlobalSection(SolutionProperties) = preSolution
		HideSolutionNode = FALSE
	EndGlobalSection
	GlobalSection(ExtensibilityGlobals) = postSolution
		SolutionGuid = {D8BAF37D-4C91-4E6B-BA47-CBD6ED40DE30}
	EndGlobalSection
EndGlobal
